// !$*UTF8*$!
{
	archiveVersion = 1;
	classes = {
	};
	objectVersion = 55;
	objects = {

/* Begin PBXBuildFile section */
		E712AED22885A4050077DCD6 /* AppDelegate.swift in Sources */ = {isa = PBXBuildFile; fileRef = E712AED12885A4050077DCD6 /* AppDelegate.swift */; };
		E712AED42885A4050077DCD6 /* SceneDelegate.swift in Sources */ = {isa = PBXBuildFile; fileRef = E712AED32885A4050077DCD6 /* SceneDelegate.swift */; };
		E712AED62885A4050077DCD6 /* ViewController.swift in Sources */ = {isa = PBXBuildFile; fileRef = E712AED52885A4050077DCD6 /* ViewController.swift */; };
		E712AEDB2885A4060077DCD6 /* Assets.xcassets in Resources */ = {isa = PBXBuildFile; fileRef = E712AEDA2885A4060077DCD6 /* Assets.xcassets */; };
		E712AEDE2885A4060077DCD6 /* LaunchScreen.storyboard in Resources */ = {isa = PBXBuildFile; fileRef = E712AEDC2885A4060077DCD6 /* LaunchScreen.storyboard */; };
		E712AEE62885A56E0077DCD6 /* ColorPalette.swift in Sources */ = {isa = PBXBuildFile; fileRef = E712AEE52885A56E0077DCD6 /* ColorPalette.swift */; };
		E712AEE92885A5F10077DCD6 /* ThemeProvider.swift in Sources */ = {isa = PBXBuildFile; fileRef = E712AEE82885A5F10077DCD6 /* ThemeProvider.swift */; };
		E712AEEB2885A60A0077DCD6 /* Theme.swift in Sources */ = {isa = PBXBuildFile; fileRef = E712AEEA2885A60A0077DCD6 /* Theme.swift */; };
		E712AEED2885A7230077DCD6 /* ColorChangerView.swift in Sources */ = {isa = PBXBuildFile; fileRef = E712AEEC2885A7230077DCD6 /* ColorChangerView.swift */; };
		E754A06D2885E21300CC0B20 /* SwitchDelegate.swift in Sources */ = {isa = PBXBuildFile; fileRef = E754A06C2885E21300CC0B20 /* SwitchDelegate.swift */; };
/* End PBXBuildFile section */

/* Begin PBXFileReference section */
		E712AECE2885A4050077DCD6 /* DarkModeChanger.app */ = {isa = PBXFileReference; explicitFileType = wrapper.application; includeInIndex = 0; path = DarkModeChanger.app; sourceTree = BUILT_PRODUCTS_DIR; };
		E712AED12885A4050077DCD6 /* AppDelegate.swift */ = {isa = PBXFileReference; lastKnownFileType = sourcecode.swift; path = AppDelegate.swift; sourceTree = "<group>"; };
		E712AED32885A4050077DCD6 /* SceneDelegate.swift */ = {isa = PBXFileReference; lastKnownFileType = sourcecode.swift; path = SceneDelegate.swift; sourceTree = "<group>"; };
		E712AED52885A4050077DCD6 /* ViewController.swift */ = {isa = PBXFileReference; lastKnownFileType = sourcecode.swift; path = ViewController.swift; sourceTree = "<group>"; };
		E712AEDA2885A4060077DCD6 /* Assets.xcassets */ = {isa = PBXFileReference; lastKnownFileType = folder.assetcatalog; path = Assets.xcassets; sourceTree = "<group>"; };
		E712AEDD2885A4060077DCD6 /* Base */ = {isa = PBXFileReference; lastKnownFileType = file.storyboard; name = Base; path = Base.lproj/LaunchScreen.storyboard; sourceTree = "<group>"; };
		E712AEDF2885A4060077DCD6 /* Info.plist */ = {isa = PBXFileReference; lastKnownFileType = text.plist.xml; path = Info.plist; sourceTree = "<group>"; };
		E712AEE52885A56E0077DCD6 /* ColorPalette.swift */ = {isa = PBXFileReference; lastKnownFileType = sourcecode.swift; path = ColorPalette.swift; sourceTree = "<group>"; };
		E712AEE82885A5F10077DCD6 /* ThemeProvider.swift */ = {isa = PBXFileReference; lastKnownFileType = sourcecode.swift; path = ThemeProvider.swift; sourceTree = "<group>"; };
		E712AEEA2885A60A0077DCD6 /* Theme.swift */ = {isa = PBXFileReference; lastKnownFileType = sourcecode.swift; path = Theme.swift; sourceTree = "<group>"; };
		E712AEEC2885A7230077DCD6 /* ColorChangerView.swift */ = {isa = PBXFileReference; lastKnownFileType = sourcecode.swift; path = ColorChangerView.swift; sourceTree = "<group>"; };
		E754A06C2885E21300CC0B20 /* SwitchDelegate.swift */ = {isa = PBXFileReference; lastKnownFileType = sourcecode.swift; path = SwitchDelegate.swift; sourceTree = "<group>"; };
/* End PBXFileReference section */

/* Begin PBXFrameworksBuildPhase section */
		E712AECB2885A4050077DCD6 /* Frameworks */ = {
			isa = PBXFrameworksBuildPhase;
			buildActionMask = 2147483647;
			files = (
			);
			runOnlyForDeploymentPostprocessing = 0;
		};
/* End PBXFrameworksBuildPhase section */

/* Begin PBXGroup section */
		E712AEC52885A4050077DCD6 = {
			isa = PBXGroup;
			children = (
				E712AED02885A4050077DCD6 /* DarkModeChanger */,
				E712AECF2885A4050077DCD6 /* Products */,
			);
			sourceTree = "<group>";
		};
		E712AECF2885A4050077DCD6 /* Products */ = {
			isa = PBXGroup;
			children = (
				E712AECE2885A4050077DCD6 /* DarkModeChanger.app */,
			);
			name = Products;
			sourceTree = "<group>";
		};
		E712AED02885A4050077DCD6 /* DarkModeChanger */ = {
			isa = PBXGroup;
			children = (
				E79C14C1288D2EAC001BDA85 /* App Lifecycle */,
				E79C14C2288D2EC1001BDA85 /* Views */,
				E712AEE72885A5C50077DCD6 /* DarkModeProvider */,
				E79C14C3288D2ECC001BDA85 /* Delegates */,
				E712AED52885A4050077DCD6 /* ViewController.swift */,
				E712AEDA2885A4060077DCD6 /* Assets.xcassets */,
				E712AEDC2885A4060077DCD6 /* LaunchScreen.storyboard */,
				E712AEDF2885A4060077DCD6 /* Info.plist */,
			);
			path = DarkModeChanger;
			sourceTree = "<group>";
		};
		E712AEE72885A5C50077DCD6 /* DarkModeProvider */ = {
			isa = PBXGroup;
			children = (
				E712AEE52885A56E0077DCD6 /* ColorPalette.swift */,
				E712AEEA2885A60A0077DCD6 /* Theme.swift */,
				E712AEE82885A5F10077DCD6 /* ThemeProvider.swift */,
			);
			path = DarkModeProvider;
			sourceTree = "<group>";
		};
		E79C14C1288D2EAC001BDA85 /* App Lifecycle */ = {
			isa = PBXGroup;
			children = (
				E712AED12885A4050077DCD6 /* AppDelegate.swift */,
				E712AED32885A4050077DCD6 /* SceneDelegate.swift */,
			);
			path = "App Lifecycle";
			sourceTree = "<group>";
		};
		E79C14C2288D2EC1001BDA85 /* Views */ = {
			isa = PBXGroup;
			children = (
				E712AEEC2885A7230077DCD6 /* ColorChangerView.swift */,
			);
			path = Views;
			sourceTree = "<group>";
		};
		E79C14C3288D2ECC001BDA85 /* Delegates */ = {
			isa = PBXGroup;
			children = (
				E754A06C2885E21300CC0B20 /* SwitchDelegate.swift */,
			);
			path = Delegates;
			sourceTree = "<group>";
		};
/* End PBXGroup section */

/* Begin PBXNativeTarget section */
		E712AECD2885A4050077DCD6 /* DarkModeChanger */ = {
			isa = PBXNativeTarget;
			buildConfigurationList = E712AEE22885A4060077DCD6 /* Build configuration list for PBXNativeTarget "DarkModeChanger" */;
			buildPhases = (
				E712AECA2885A4050077DCD6 /* Sources */,
				E712AECB2885A4050077DCD6 /* Frameworks */,
				E712AECC2885A4050077DCD6 /* Resources */,
			);
			buildRules = (
			);
			dependencies = (
			);
			name = DarkModeChanger;
			productName = DarkModeChanger;
			productReference = E712AECE2885A4050077DCD6 /* DarkModeChanger.app */;
			productType = "com.apple.product-type.application";
		};
/* End PBXNativeTarget section */

/* Begin PBXProject section */
		E712AEC62885A4050077DCD6 /* Project object */ = {
			isa = PBXProject;
			attributes = {
				BuildIndependentTargetsInParallel = 1;
				LastSwiftUpdateCheck = 1320;
				LastUpgradeCheck = 1320;
				TargetAttributes = {
					E712AECD2885A4050077DCD6 = {
						CreatedOnToolsVersion = 13.2.1;
					};
				};
			};
			buildConfigurationList = E712AEC92885A4050077DCD6 /* Build configuration list for PBXProject "DarkModeChanger" */;
			compatibilityVersion = "Xcode 13.0";
			developmentRegion = en;
			hasScannedForEncodings = 0;
			knownRegions = (
				en,
				Base,
			);
			mainGroup = E712AEC52885A4050077DCD6;
			productRefGroup = E712AECF2885A4050077DCD6 /* Products */;
			projectDirPath = "";
			projectRoot = "";
			targets = (
				E712AECD2885A4050077DCD6 /* DarkModeChanger */,
			);
		};
/* End PBXProject section */

/* Begin PBXResourcesBuildPhase section */
		E712AECC2885A4050077DCD6 /* Resources */ = {
			isa = PBXResourcesBuildPhase;
			buildActionMask = 2147483647;
			files = (
				E712AEDE2885A4060077DCD6 /* LaunchScreen.storyboard in Resources */,
				E712AEDB2885A4060077DCD6 /* Assets.xcassets in Resources */,
			);
			runOnlyForDeploymentPostprocessing = 0;
		};
/* End PBXResourcesBuildPhase section */

/* Begin PBXSourcesBuildPhase section */
		E712AECA2885A4050077DCD6 /* Sources */ = {
			isa = PBXSourcesBuildPhase;
			buildActionMask = 2147483647;
			files = (
				E712AED62885A4050077DCD6 /* ViewController.swift in Sources */,
				E712AED22885A4050077DCD6 /* AppDelegate.swift in Sources */,
				E712AED42885A4050077DCD6 /* SceneDelegate.swift in Sources */,
				E712AEEB2885A60A0077DCD6 /* Theme.swift in Sources */,
				E754A06D2885E21300CC0B20 /* SwitchDelegate.swift in Sources */,
				E712AEE62885A56E0077DCD6 /* ColorPalette.swift in Sources */,
				E712AEED2885A7230077DCD6 /* ColorChangerView.swift in Sources */,
				E712AEE92885A5F10077DCD6 /* ThemeProvider.swift in Sources */,
			);
			runOnlyForDeploymentPostprocessing = 0;
		};
/* End PBXSourcesBuildPhase section */

/* Begin PBXVariantGroup section */
		E712AEDC2885A4060077DCD6 /* LaunchScreen.storyboard */ = {
			isa = PBXVariantGroup;
			children = (
				E712AEDD2885A4060077DCD6 /* Base */,
			);
			name = LaunchScreen.storyboard;
			sourceTree = "<group>";
		};
/* End PBXVariantGroup section */

/* Begin XCBuildConfiguration section */
		E712AEE02885A4060077DCD6 /* Debug */ = {
			isa = XCBuildConfiguration;
			buildSettings = {
				ALWAYS_SEARCH_USER_PATHS = NO;
				CLANG_ANALYZER_NONNULL = YES;
				CLANG_ANALYZER_NUMBER_OBJECT_CONVERSION = YES_AGGRESSIVE;
				CLANG_CXX_LANGUAGE_STANDARD = "gnu++17";
				CLANG_CXX_LIBRARY = "libc++";
				CLANG_ENABLE_MODULES = YES;
				CLANG_ENABLE_OBJC_ARC = YES;
				CLANG_ENABLE_OBJC_WEAK = YES;
				CLANG_WARN_BLOCK_CAPTURE_AUTORELEASING = YES;
				CLANG_WARN_BOOL_CONVERSION = YES;
				CLANG_WARN_COMMA = YES;
				CLANG_WARN_CONSTANT_CONVERSION = YES;
				CLANG_WARN_DEPRECATED_OBJC_IMPLEMENTATIONS = YES;
				CLANG_WARN_DIRECT_OBJC_ISA_USAGE = YES_ERROR;
				CLANG_WARN_DOCUMENTATION_COMMENTS = YES;
				CLANG_WARN_EMPTY_BODY = YES;
				CLANG_WARN_ENUM_CONVERSION = YES;
				CLANG_WARN_INFINITE_RECURSION = YES;
				CLANG_WARN_INT_CONVERSION = YES;
				CLANG_WARN_NON_LITERAL_NULL_CONVERSION = YES;
				CLANG_WARN_OBJC_IMPLICIT_RETAIN_SELF = YES;
				CLANG_WARN_OBJC_LITERAL_CONVERSION = YES;
				CLANG_WARN_OBJC_ROOT_CLASS = YES_ERROR;
				CLANG_WARN_QUOTED_INCLUDE_IN_FRAMEWORK_HEADER = YES;
				CLANG_WARN_RANGE_LOOP_ANALYSIS = YES;
				CLANG_WARN_STRICT_PROTOTYPES = YES;
				CLANG_WARN_SUSPICIOUS_MOVE = YES;
				CLANG_WARN_UNGUARDED_AVAILABILITY = YES_AGGRESSIVE;
				CLANG_WARN_UNREACHABLE_CODE = YES;
				CLANG_WARN__DUPLICATE_METHOD_MATCH = YES;
				COPY_PHASE_STRIP = NO;
				DEBUG_INFORMATION_FORMAT = dwarf;
				ENABLE_STRICT_OBJC_MSGSEND = YES;
				ENABLE_TESTABILITY = YES;
				GCC_C_LANGUAGE_STANDARD = gnu11;
				GCC_DYNAMIC_NO_PIC = NO;
				GCC_NO_COMMON_BLOCKS = YES;
				GCC_OPTIMIZATION_LEVEL = 0;
				GCC_PREPROCESSOR_DEFINITIONS = (
					"DEBUG=1",
					"$(inherited)",
				);
				GCC_WARN_64_TO_32_BIT_CONVERSION = YES;
				GCC_WARN_ABOUT_RETURN_TYPE = YES_ERROR;
				GCC_WARN_UNDECLARED_SELECTOR = YES;
				GCC_WARN_UNINITIALIZED_AUTOS = YES_AGGRESSIVE;
				GCC_WARN_UNUSED_FUNCTION = YES;
				GCC_WARN_UNUSED_VARIABLE = YES;
				IPHONEOS_DEPLOYMENT_TARGET = 15.2;
				MTL_ENABLE_DEBUG_INFO = INCLUDE_SOURCE;
				MTL_FAST_MATH = YES;
				ONLY_ACTIVE_ARCH = YES;
				SDKROOT = iphoneos;
				SWIFT_ACTIVE_COMPILATION_CONDITIONS = DEBUG;
				SWIFT_OPTIMIZATION_LEVEL = "-Onone";
			};
			name = Debug;
		};
		E712AEE12885A4060077DCD6 /* Release */ = {
			isa = XCBuildConfiguration;
			buildSettings = {
				ALWAYS_SEARCH_USER_PATHS = NO;
				CLANG_ANALYZER_NONNULL = YES;
				CLANG_ANALYZER_NUMBER_OBJECT_CONVERSION = YES_AGGRESSIVE;
				CLANG_CXX_LANGUAGE_STANDARD = "gnu++17";
				CLANG_CXX_LIBRARY = "libc++";
				CLANG_ENABLE_MODULES = YES;
				CLANG_ENABLE_OBJC_ARC = YES;
				CLANG_ENABLE_OBJC_WEAK = YES;
				CLANG_WARN_BLOCK_CAPTURE_AUTORELEASING = YES;
				CLANG_WARN_BOOL_CONVERSION = YES;
				CLANG_WARN_COMMA = YES;
				CLANG_WARN_CONSTANT_CONVERSION = YES;
				CLANG_WARN_DEPRECATED_OBJC_IMPLEMENTATIONS = YES;
				CLANG_WARN_DIRECT_OBJC_ISA_USAGE = YES_ERROR;
				CLANG_WARN_DOCUMENTATION_COMMENTS = YES;
				CLANG_WARN_EMPTY_BODY = YES;
				CLANG_WARN_ENUM_CONVERSION = YES;
				CLANG_WARN_INFINITE_RECURSION = YES;
				CLANG_WARN_INT_CONVERSION = YES;
				CLANG_WARN_NON_LITERAL_NULL_CONVERSION = YES;
				CLANG_WARN_OBJC_IMPLICIT_RETAIN_SELF = YES;
				CLANG_WARN_OBJC_LITERAL_CONVERSION = YES;
				CLANG_WARN_OBJC_ROOT_CLASS = YES_ERROR;
				CLANG_WARN_QUOTED_INCLUDE_IN_FRAMEWORK_HEADER = YES;
				CLANG_WARN_RANGE_LOOP_ANALYSIS = YES;
				CLANG_WARN_STRICT_PROTOTYPES = YES;
				CLANG_WARN_SUSPICIOUS_MOVE = YES;
				CLANG_WARN_UNGUARDED_AVAILABILITY = YES_AGGRESSIVE;
				CLANG_WARN_UNREACHABLE_CODE = YES;
				CLANG_WARN__DUPLICATE_METHOD_MATCH = YES;
				COPY_PHASE_STRIP = NO;
				DEBUG_INFORMATION_FORMAT = "dwarf-with-dsym";
				ENABLE_NS_ASSERTIONS = NO;
				ENABLE_STRICT_OBJC_MSGSEND = YES;
				GCC_C_LANGUAGE_STANDARD = gnu11;
				GCC_NO_COMMON_BLOCKS = YES;
				GCC_WARN_64_TO_32_BIT_CONVERSION = YES;
				GCC_WARN_ABOUT_RETURN_TYPE = YES_ERROR;
				GCC_WARN_UNDECLARED_SELECTOR = YES;
				GCC_WARN_UNINITIALIZED_AUTOS = YES_AGGRESSIVE;
				GCC_WARN_UNUSED_FUNCTION = YES;
				GCC_WARN_UNUSED_VARIABLE = YES;
				IPHONEOS_DEPLOYMENT_TARGET = 15.2;
				MTL_ENABLE_DEBUG_INFO = NO;
				MTL_FAST_MATH = YES;
				SDKROOT = iphoneos;
				SWIFT_COMPILATION_MODE = wholemodule;
				SWIFT_OPTIMIZATION_LEVEL = "-O";
				VALIDATE_PRODUCT = YES;
			};
			name = Release;
		};
		E712AEE32885A4060077DCD6 /* Debug */ = {
			isa = XCBuildConfiguration;
			buildSettings = {
				ASSETCATALOG_COMPILER_APPICON_NAME = AppIcon;
				ASSETCATALOG_COMPILER_GLOBAL_ACCENT_COLOR_NAME = AccentColor;
				CODE_SIGN_STYLE = Automatic;
				CURRENT_PROJECT_VERSION = 1;
				DEVELOPMENT_TEAM = N8937SQRB3;
				GENERATE_INFOPLIST_FILE = YES;
				INFOPLIST_FILE = DarkModeChanger/Info.plist;
				INFOPLIST_KEY_UIApplicationSupportsIndirectInputEvents = YES;
				INFOPLIST_KEY_UILaunchStoryboardName = LaunchScreen;
				INFOPLIST_KEY_UISupportedInterfaceOrientations_iPad = "UIInterfaceOrientationPortrait UIInterfaceOrientationPortraitUpsideDown UIInterfaceOrientationLandscapeLeft UIInterfaceOrientationLandscapeRight";
				INFOPLIST_KEY_UISupportedInterfaceOrientations_iPhone = "UIInterfaceOrientationPortrait UIInterfaceOrientationLandscapeLeft UIInterfaceOrientationLandscapeRight";
				LD_RUNPATH_SEARCH_PATHS = (
					"$(inherited)",
					"@executable_path/Frameworks",
				);
				MARKETING_VERSION = 1.0;
				PRODUCT_BUNDLE_IDENTIFIER = SCChulkov.DarkModeChanger;
				PRODUCT_NAME = "$(TARGET_NAME)";
				SWIFT_EMIT_LOC_STRINGS = YES;
				SWIFT_VERSION = 5.0;
				TARGETED_DEVICE_FAMILY = "1,2";
			};
			name = Debug;
		};
		E712AEE42885A4060077DCD6 /* Release */ = {
			isa = XCBuildConfiguration;
			buildSettings = {
				ASSETCATALOG_COMPILER_APPICON_NAME = AppIcon;
				ASSETCATALOG_COMPILER_GLOBAL_ACCENT_COLOR_NAME = AccentColor;
				CODE_SIGN_STYLE = Automatic;
				CURRENT_PROJECT_VERSION = 1;
				DEVELOPMENT_TEAM = N8937SQRB3;
				GENERATE_INFOPLIST_FILE = YES;
				INFOPLIST_FILE = DarkModeChanger/Info.plist;
				INFOPLIST_KEY_UIApplicationSupportsIndirectInputEvents = YES;
				INFOPLIST_KEY_UILaunchStoryboardName = LaunchScreen;
				INFOPLIST_KEY_UISupportedInterfaceOrientations_iPad = "UIInterfaceOrientationPortrait UIInterfaceOrientationPortraitUpsideDown UIInterfaceOrientationLandscapeLeft UIInterfaceOrientationLandscapeRight";
				INFOPLIST_KEY_UISupportedInterfaceOrientations_iPhone = "UIInterfaceOrientationPortrait UIInterfaceOrientationLandscapeLeft UIInterfaceOrientationLandscapeRight";
				LD_RUNPATH_SEARCH_PATHS = (
					"$(inherited)",
					"@executable_path/Frameworks",
				);
				MARKETING_VERSION = 1.0;
				PRODUCT_BUNDLE_IDENTIFIER = SCChulkov.DarkModeChanger;
				PRODUCT_NAME = "$(TARGET_NAME)";
				SWIFT_EMIT_LOC_STRINGS = YES;
				SWIFT_VERSION = 5.0;
				TARGETED_DEVICE_FAMILY = "1,2";
			};
			name = Release;
		};
/* End XCBuildConfiguration section */

/* Begin XCConfigurationList section */
		E712AEC92885A4050077DCD6 /* Build configuration list for PBXProject "DarkModeChanger" */ = {
			isa = XCConfigurationList;
			buildConfigurations = (
				E712AEE02885A4060077DCD6 /* Debug */,
				E712AEE12885A4060077DCD6 /* Release */,
			);
			defaultConfigurationIsVisible = 0;
			defaultConfigurationName = Release;
		};
		E712AEE22885A4060077DCD6 /* Build configuration list for PBXNativeTarget "DarkModeChanger" */ = {
			isa = XCConfigurationList;
			buildConfigurations = (
				E712AEE32885A4060077DCD6 /* Debug */,
				E712AEE42885A4060077DCD6 /* Release */,
			);
			defaultConfigurationIsVisible = 0;
			defaultConfigurationName = Release;
		};
/* End XCConfigurationList section */
	};
	rootObject = E712AEC62885A4050077DCD6 /* Project object */;
}
